
Microsoft Visual Studio Solution File, Format Version 12.00
Project("{FAE04EC0-301F-11D3-BF4B-00C04F79EFBC}") = "App", "App\App.csproj", "{C809B7D2-958A-4248-8A1B-F670B73B0B0B}"
EndProject
Project("{FAE04EC0-301F-11D3-BF4B-00C04F79EFBC}") = "Tickets", "Tickets\Tickets.csproj", "{16C81644-05CB-43F9-97AA-83DFE8431165}"
EndProject
Project("{FAE04EC0-301F-11D3-BF4B-00C04F79EFBC}") = "Other", "Other\Other.csproj", "{8175FAA4-D5E6-4930-9696-1FE90A23030F}"
EndProject
Project("{FAE04EC0-301F-11D3-BF4B-00C04F79EFBC}") = "Customer", "Customer\Customer.csproj", "{3B6C18AE-8D96-4E07-8742-DD25505CFF16}"
EndProject
Global
	GlobalSection(SolutionConfigurationPlatforms) = preSolution
		Debug|Any CPU = Debug|Any CPU
		Release|Any CPU = Release|Any CPU
	EndGlobalSection
	GlobalSection(ProjectConfigurationPlatforms) = postSolution
		{C809B7D2-958A-4248-8A1B-F670B73B0B0B}.Debug|Any CPU.ActiveCfg = Debug|Any CPU
		{C809B7D2-958A-4248-8A1B-F670B73B0B0B}.Debug|Any CPU.Build.0 = Debug|Any CPU
		{C809B7D2-958A-4248-8A1B-F670B73B0B0B}.Release|Any CPU.ActiveCfg = Release|Any CPU
		{C809B7D2-958A-4248-8A1B-F670B73B0B0B}.Release|Any CPU.Build.0 = Release|Any CPU
		{16C81644-05CB-43F9-97AA-83DFE8431165}.Debug|Any CPU.ActiveCfg = Debug|Any CPU
		{16C81644-05CB-43F9-97AA-83DFE8431165}.Debug|Any CPU.Build.0 = Debug|Any CPU
		{16C81644-05CB-43F9-97AA-83DFE8431165}.Release|Any CPU.ActiveCfg = Release|Any CPU
		{16C81644-05CB-43F9-97AA-83DFE8431165}.Release|Any CPU.Build.0 = Release|Any CPU
		{8175FAA4-D5E6-4930-9696-1FE90A23030F}.Debug|Any CPU.ActiveCfg = Debug|Any CPU
		{8175FAA4-D5E6-4930-9696-1FE90A23030F}.Debug|Any CPU.Build.0 = Debug|Any CPU
		{8175FAA4-D5E6-4930-9696-1FE90A23030F}.Release|Any CPU.ActiveCfg = Release|Any CPU
		{8175FAA4-D5E6-4930-9696-1FE90A23030F}.Release|Any CPU.Build.0 = Release|Any CPU
		{3B6C18AE-8D96-4E07-8742-DD25505CFF16}.Debug|Any CPU.ActiveCfg = Debug|Any CPU
		{3B6C18AE-8D96-4E07-8742-DD25505CFF16}.Debug|Any CPU.Build.0 = Debug|Any CPU
		{3B6C18AE-8D96-4E07-8742-DD25505CFF16}.Release|Any CPU.ActiveCfg = Release|Any CPU
		{3B6C18AE-8D96-4E07-8742-DD25505CFF16}.Release|Any CPU.Build.0 = Release|Any CPU
	EndGlobalSection
EndGlobal
